
Microsoft Visual Studio Solution File, Format Version 12.00
# Visual Studio Version 16
VisualStudioVersion = 16.0.29418.71
MinimumVisualStudioVersion = 10.0.40219.1
Project("{D954291E-2A0B-460D-934E-DC6B0785DB48}") = "Training_CSharp2", "Training_CSharp2\Training_CSharp2.shproj", "{AC405F53-2086-4E92-8BAC-593EAEAA6195}"
EndProject
Project("{2150E333-8FDC-42A3-9474-1A3956D46DE8}") = "Console", "Console", "{6407F137-E7D0-44C4-B553-BEB2C58B55CB}"
EndProject
Project("{2150E333-8FDC-42A3-9474-1A3956D46DE8}") = "Windows Forms", "Windows Forms", "{1E5E3C1D-63D6-4B89-8951-2DE93EA0569C}"
EndProject
Project("{2150E333-8FDC-42A3-9474-1A3956D46DE8}") = "Windows Presentation Foundation", "Windows Presentation Foundation", "{03E4FFEA-4350-4EA8-9E29-2C5FDC9DB644}"
EndProject
Project("{2150E333-8FDC-42A3-9474-1A3956D46DE8}") = "Work1", "Work1", "{A72A62D7-5ED8-46FC-9059-9AD458B26824}"
EndProject
Project("{FAE04EC0-301F-11D3-BF4B-00C04F79EFBC}") = "MVVM_Sample", "MVVM_Sample\MVVM_Sample.csproj", "{BAAFC11C-95EB-490F-9B33-39AF510EE710}"
EndProject
Project("{2150E333-8FDC-42A3-9474-1A3956D46DE8}") = "Work2", "Work2", "{5CCA4092-0E67-45E7-81DA-4C91A3D92A1D}"
EndProject
Project("{FAE04EC0-301F-11D3-BF4B-00C04F79EFBC}") = "MVVM_cyberforum", "MVVM_cyberforum\MVVM_cyberforum.csproj", "{655139E7-B250-46BF-A399-2595BC44578C}"
EndProject
Project("{2150E333-8FDC-42A3-9474-1A3956D46DE8}") = "Work3", "Work3", "{887FBF6E-E491-4377-8ADD-FB39BA9510C1}"
EndProject
Project("{FAE04EC0-301F-11D3-BF4B-00C04F79EFBC}") = "Fan_Project", "Fan_Project\Fan_Project.csproj", "{FA6DA847-76BD-4839-8CE3-DB16D0E6BF2C}"
EndProject
Project("{FAE04EC0-301F-11D3-BF4B-00C04F79EFBC}") = "MVVM_GeekBrains", "MVVM_GeekBrains\MVVM_GeekBrains.csproj", "{CD98BEE7-5D51-47E1-9F64-EB35B263193C}"
EndProject
Project("{2150E333-8FDC-42A3-9474-1A3956D46DE8}") = "Work4", "Work4", "{4627E771-6F23-474C-87A3-C5CC14BA8D14}"
EndProject
Project("{FAE04EC0-301F-11D3-BF4B-00C04F79EFBC}") = "UserControl", "UserControl\UserControl.csproj", "{1776CDD9-546F-40C8-8CDC-68D80304CE5B}"
EndProject
Project("{FAE04EC0-301F-11D3-BF4B-00C04F79EFBC}") = "Expander_WPF", "Expander_WPF\Expander_WPF.csproj", "{248F86A6-6BEA-4D6D-9AFA-B89FB0CA22F5}"
EndProject
Project("{FAE04EC0-301F-11D3-BF4B-00C04F79EFBC}") = "BackGroud_Video", "BackGroud_Video\BackGroud_Video.csproj", "{A5F9A812-9831-4E82-9839-50EC6D9DDE77}"
EndProject
Global
	GlobalSection(SharedMSBuildProjectFiles) = preSolution
		Training_CSharp2\Training_CSharp2.projitems*{ac405f53-2086-4e92-8bac-593eaeaa6195}*SharedItemsImports = 13
	EndGlobalSection
	GlobalSection(SolutionConfigurationPlatforms) = preSolution
		Debug|Any CPU = Debug|Any CPU
		Release|Any CPU = Release|Any CPU
	EndGlobalSection
	GlobalSection(ProjectConfigurationPlatforms) = postSolution
		{BAAFC11C-95EB-490F-9B33-39AF510EE710}.Debug|Any CPU.ActiveCfg = Debug|Any CPU
		{BAAFC11C-95EB-490F-9B33-39AF510EE710}.Debug|Any CPU.Build.0 = Debug|Any CPU
		{BAAFC11C-95EB-490F-9B33-39AF510EE710}.Release|Any CPU.ActiveCfg = Release|Any CPU
		{BAAFC11C-95EB-490F-9B33-39AF510EE710}.Release|Any CPU.Build.0 = Release|Any CPU
		{655139E7-B250-46BF-A399-2595BC44578C}.Debug|Any CPU.ActiveCfg = Debug|Any CPU
		{655139E7-B250-46BF-A399-2595BC44578C}.Debug|Any CPU.Build.0 = Debug|Any CPU
		{655139E7-B250-46BF-A399-2595BC44578C}.Release|Any CPU.ActiveCfg = Release|Any CPU
		{655139E7-B250-46BF-A399-2595BC44578C}.Release|Any CPU.Build.0 = Release|Any CPU
		{FA6DA847-76BD-4839-8CE3-DB16D0E6BF2C}.Debug|Any CPU.ActiveCfg = Debug|Any CPU
		{FA6DA847-76BD-4839-8CE3-DB16D0E6BF2C}.Debug|Any CPU.Build.0 = Debug|Any CPU
		{FA6DA847-76BD-4839-8CE3-DB16D0E6BF2C}.Release|Any CPU.ActiveCfg = Release|Any CPU
		{FA6DA847-76BD-4839-8CE3-DB16D0E6BF2C}.Release|Any CPU.Build.0 = Release|Any CPU
		{CD98BEE7-5D51-47E1-9F64-EB35B263193C}.Debug|Any CPU.ActiveCfg = Debug|Any CPU
		{CD98BEE7-5D51-47E1-9F64-EB35B263193C}.Debug|Any CPU.Build.0 = Debug|Any CPU
		{CD98BEE7-5D51-47E1-9F64-EB35B263193C}.Release|Any CPU.ActiveCfg = Release|Any CPU
		{CD98BEE7-5D51-47E1-9F64-EB35B263193C}.Release|Any CPU.Build.0 = Release|Any CPU
		{1776CDD9-546F-40C8-8CDC-68D80304CE5B}.Debug|Any CPU.ActiveCfg = Debug|Any CPU
		{1776CDD9-546F-40C8-8CDC-68D80304CE5B}.Debug|Any CPU.Build.0 = Debug|Any CPU
		{1776CDD9-546F-40C8-8CDC-68D80304CE5B}.Release|Any CPU.ActiveCfg = Release|Any CPU
		{1776CDD9-546F-40C8-8CDC-68D80304CE5B}.Release|Any CPU.Build.0 = Release|Any CPU
		{248F86A6-6BEA-4D6D-9AFA-B89FB0CA22F5}.Debug|Any CPU.ActiveCfg = Debug|Any CPU
		{248F86A6-6BEA-4D6D-9AFA-B89FB0CA22F5}.Debug|Any CPU.Build.0 = Debug|Any CPU
		{248F86A6-6BEA-4D6D-9AFA-B89FB0CA22F5}.Release|Any CPU.ActiveCfg = Release|Any CPU
		{248F86A6-6BEA-4D6D-9AFA-B89FB0CA22F5}.Release|Any CPU.Build.0 = Release|Any CPU
		{A5F9A812-9831-4E82-9839-50EC6D9DDE77}.Debug|Any CPU.ActiveCfg = Debug|Any CPU
		{A5F9A812-9831-4E82-9839-50EC6D9DDE77}.Debug|Any CPU.Build.0 = Debug|Any CPU
		{A5F9A812-9831-4E82-9839-50EC6D9DDE77}.Release|Any CPU.ActiveCfg = Release|Any CPU
		{A5F9A812-9831-4E82-9839-50EC6D9DDE77}.Release|Any CPU.Build.0 = Release|Any CPU
	EndGlobalSection
	GlobalSection(SolutionProperties) = preSolution
		HideSolutionNode = FALSE
	EndGlobalSection
	GlobalSection(NestedProjects) = preSolution
		{A72A62D7-5ED8-46FC-9059-9AD458B26824} = {03E4FFEA-4350-4EA8-9E29-2C5FDC9DB644}
		{BAAFC11C-95EB-490F-9B33-39AF510EE710} = {A72A62D7-5ED8-46FC-9059-9AD458B26824}
		{5CCA4092-0E67-45E7-81DA-4C91A3D92A1D} = {03E4FFEA-4350-4EA8-9E29-2C5FDC9DB644}
		{655139E7-B250-46BF-A399-2595BC44578C} = {5CCA4092-0E67-45E7-81DA-4C91A3D92A1D}
		{887FBF6E-E491-4377-8ADD-FB39BA9510C1} = {03E4FFEA-4350-4EA8-9E29-2C5FDC9DB644}
		{FA6DA847-76BD-4839-8CE3-DB16D0E6BF2C} = {1E5E3C1D-63D6-4B89-8951-2DE93EA0569C}
		{CD98BEE7-5D51-47E1-9F64-EB35B263193C} = {887FBF6E-E491-4377-8ADD-FB39BA9510C1}
		{4627E771-6F23-474C-87A3-C5CC14BA8D14} = {03E4FFEA-4350-4EA8-9E29-2C5FDC9DB644}
		{1776CDD9-546F-40C8-8CDC-68D80304CE5B} = {4627E771-6F23-474C-87A3-C5CC14BA8D14}
		{248F86A6-6BEA-4D6D-9AFA-B89FB0CA22F5} = {03E4FFEA-4350-4EA8-9E29-2C5FDC9DB644}
		{A5F9A812-9831-4E82-9839-50EC6D9DDE77} = {03E4FFEA-4350-4EA8-9E29-2C5FDC9DB644}
	EndGlobalSection
	GlobalSection(ExtensibilityGlobals) = postSolution
		SolutionGuid = {44AC0795-0DE6-4775-B6C4-16C7CAF97096}
	EndGlobalSection
EndGlobal
